// !$*UTF8*$!
{
	archiveVersion = 1;
	classes = {
	};
	objectVersion = 77;
	objects = {

/* Begin PBXContainerItemProxy section */
		5DC0C4A42D8C1A4000E8987A /* PBXContainerItemProxy */ = {
			isa = PBXContainerItemProxy;
			containerPortal = 5DC0C48B2D8C1A3F00E8987A /* Project object */;
			proxyType = 1;
			remoteGlobalIDString = 5DC0C4922D8C1A3F00E8987A;
			remoteInfo = GOParkin9;
		};
		5DC0C4AE2D8C1A4000E8987A /* PBXContainerItemProxy */ = {
			isa = PBXContainerItemProxy;
			containerPortal = 5DC0C48B2D8C1A3F00E8987A /* Project object */;
			proxyType = 1;
			remoteGlobalIDString = 5DC0C4922D8C1A3F00E8987A;
			remoteInfo = GOParkin9;
		};
/* End PBXContainerItemProxy section */

/* Begin PBXFileReference section */
		5DC0C4932D8C1A3F00E8987A /* GOParkin9.app */ = {isa = PBXFileReference; explicitFileType = wrapper.application; includeInIndex = 0; path = GOParkin9.app; sourceTree = BUILT_PRODUCTS_DIR; };
		5DC0C4A32D8C1A4000E8987A /* GOParkin9Tests.xctest */ = {isa = PBXFileReference; explicitFileType = wrapper.cfbundle; includeInIndex = 0; path = GOParkin9Tests.xctest; sourceTree = BUILT_PRODUCTS_DIR; };
		5DC0C4AD2D8C1A4000E8987A /* GOParkin9UITests.xctest */ = {isa = PBXFileReference; explicitFileType = wrapper.cfbundle; includeInIndex = 0; path = GOParkin9UITests.xctest; sourceTree = BUILT_PRODUCTS_DIR; };
/* End PBXFileReference section */

/* Begin PBXFileSystemSynchronizedRootGroup section */
		5DC0C4952D8C1A3F00E8987A /* GOParkin9 */ = {
			isa = PBXFileSystemSynchronizedRootGroup;
			path = GOParkin9;
			sourceTree = "<group>";
		};
		5DC0C4A62D8C1A4000E8987A /* GOParkin9Tests */ = {
			isa = PBXFileSystemSynchronizedRootGroup;
			path = GOParkin9Tests;
			sourceTree = "<group>";
		};
		5DC0C4B02D8C1A4000E8987A /* GOParkin9UITests */ = {
			isa = PBXFileSystemSynchronizedRootGroup;
			path = GOParkin9UITests;
			sourceTree = "<group>";
		};
/* End PBXFileSystemSynchronizedRootGroup section */

/* Begin PBXFrameworksBuildPhase section */
		5DC0C4902D8C1A3F00E8987A /* Frameworks */ = {
			isa = PBXFrameworksBuildPhase;
			buildActionMask = 2147483647;
			files = (
			);
			runOnlyForDeploymentPostprocessing = 0;
		};
		5DC0C4A02D8C1A4000E8987A /* Frameworks */ = {
			isa = PBXFrameworksBuildPhase;
			buildActionMask = 2147483647;
			files = (
			);
			runOnlyForDeploymentPostprocessing = 0;
		};
		5DC0C4AA2D8C1A4000E8987A /* Frameworks */ = {
			isa = PBXFrameworksBuildPhase;
			buildActionMask = 2147483647;
			files = (
			);
			runOnlyForDeploymentPostprocessing = 0;
		};
/* End PBXFrameworksBuildPhase section */

/* Begin PBXGroup section */
		5DC0C48A2D8C1A3F00E8987A = {
			isa = PBXGroup;
			children = (
				5DC0C4952D8C1A3F00E8987A /* GOParkin9 */,
				5DC0C4A62D8C1A4000E8987A /* GOParkin9Tests */,
				5DC0C4B02D8C1A4000E8987A /* GOParkin9UITests */,
				5DC0C4942D8C1A3F00E8987A /* Products */,
			);
			sourceTree = "<group>";
		};
		5DC0C4942D8C1A3F00E8987A /* Products */ = {
			isa = PBXGroup;
			children = (
				5DC0C4932D8C1A3F00E8987A /* GOParkin9.app */,
				5DC0C4A32D8C1A4000E8987A /* GOParkin9Tests.xctest */,
				5DC0C4AD2D8C1A4000E8987A /* GOParkin9UITests.xctest */,
			);
			name = Products;
			sourceTree = "<group>";
		};
/* End PBXGroup section */

/* Begin PBXNativeTarget section */
		5DC0C4922D8C1A3F00E8987A /* GOParkin9 */ = {
			isa = PBXNativeTarget;
			buildConfigurationList = 5DC0C4B72D8C1A4000E8987A /* Build configuration list for PBXNativeTarget "GOParkin9" */;
			buildPhases = (
				5DC0C48F2D8C1A3F00E8987A /* Sources */,
				5DC0C4902D8C1A3F00E8987A /* Frameworks */,
				5DC0C4912D8C1A3F00E8987A /* Resources */,
			);
			buildRules = (
			);
			dependencies = (
			);
			fileSystemSynchronizedGroups = (
				5DC0C4952D8C1A3F00E8987A /* GOParkin9 */,
			);
			name = GOParkin9;
			packageProductDependencies = (
			);
			productName = GOParkin9;
			productReference = 5DC0C4932D8C1A3F00E8987A /* GOParkin9.app */;
			productType = "com.apple.product-type.application";
		};
		5DC0C4A22D8C1A4000E8987A /* GOParkin9Tests */ = {
			isa = PBXNativeTarget;
			buildConfigurationList = 5DC0C4BA2D8C1A4000E8987A /* Build configuration list for PBXNativeTarget "GOParkin9Tests" */;
			buildPhases = (
				5DC0C49F2D8C1A4000E8987A /* Sources */,
				5DC0C4A02D8C1A4000E8987A /* Frameworks */,
				5DC0C4A12D8C1A4000E8987A /* Resources */,
			);
			buildRules = (
			);
			dependencies = (
				5DC0C4A52D8C1A4000E8987A /* PBXTargetDependency */,
			);
			fileSystemSynchronizedGroups = (
				5DC0C4A62D8C1A4000E8987A /* GOParkin9Tests */,
			);
			name = GOParkin9Tests;
			packageProductDependencies = (
			);
			productName = GOParkin9Tests;
			productReference = 5DC0C4A32D8C1A4000E8987A /* GOParkin9Tests.xctest */;
			productType = "com.apple.product-type.bundle.unit-test";
		};
		5DC0C4AC2D8C1A4000E8987A /* GOParkin9UITests */ = {
			isa = PBXNativeTarget;
			buildConfigurationList = 5DC0C4BD2D8C1A4000E8987A /* Build configuration list for PBXNativeTarget "GOParkin9UITests" */;
			buildPhases = (
				5DC0C4A92D8C1A4000E8987A /* Sources */,
				5DC0C4AA2D8C1A4000E8987A /* Frameworks */,
				5DC0C4AB2D8C1A4000E8987A /* Resources */,
			);
			buildRules = (
			);
			dependencies = (
				5DC0C4AF2D8C1A4000E8987A /* PBXTargetDependency */,
			);
			fileSystemSynchronizedGroups = (
				5DC0C4B02D8C1A4000E8987A /* GOParkin9UITests */,
			);
			name = GOParkin9UITests;
			packageProductDependencies = (
			);
			productName = GOParkin9UITests;
			productReference = 5DC0C4AD2D8C1A4000E8987A /* GOParkin9UITests.xctest */;
			productType = "com.apple.product-type.bundle.ui-testing";
		};
/* End PBXNativeTarget section */

/* Begin PBXProject section */
		5DC0C48B2D8C1A3F00E8987A /* Project object */ = {
			isa = PBXProject;
			attributes = {
				BuildIndependentTargetsInParallel = 1;
				LastSwiftUpdateCheck = 1620;
				LastUpgradeCheck = 1620;
				TargetAttributes = {
					5DC0C4922D8C1A3F00E8987A = {
						CreatedOnToolsVersion = 16.2;
					};
					5DC0C4A22D8C1A4000E8987A = {
						CreatedOnToolsVersion = 16.2;
						TestTargetID = 5DC0C4922D8C1A3F00E8987A;
					};
					5DC0C4AC2D8C1A4000E8987A = {
						CreatedOnToolsVersion = 16.2;
						TestTargetID = 5DC0C4922D8C1A3F00E8987A;
					};
				};
			};
			buildConfigurationList = 5DC0C48E2D8C1A3F00E8987A /* Build configuration list for PBXProject "GOParkin9" */;
			developmentRegion = en;
			hasScannedForEncodings = 0;
			knownRegions = (
				en,
				Base,
			);
			mainGroup = 5DC0C48A2D8C1A3F00E8987A;
			minimizedProjectReferenceProxies = 1;
			preferredProjectObjectVersion = 77;
			productRefGroup = 5DC0C4942D8C1A3F00E8987A /* Products */;
			projectDirPath = "";
			projectRoot = "";
			targets = (
				5DC0C4922D8C1A3F00E8987A /* GOParkin9 */,
				5DC0C4A22D8C1A4000E8987A /* GOParkin9Tests */,
				5DC0C4AC2D8C1A4000E8987A /* GOParkin9UITests */,
			);
		};
/* End PBXProject section */

/* Begin PBXResourcesBuildPhase section */
		5DC0C4912D8C1A3F00E8987A /* Resources */ = {
			isa = PBXResourcesBuildPhase;
			buildActionMask = 2147483647;
			files = (
			);
			runOnlyForDeploymentPostprocessing = 0;
		};
		5DC0C4A12D8C1A4000E8987A /* Resources */ = {
			isa = PBXResourcesBuildPhase;
			buildActionMask = 2147483647;
			files = (
			);
			runOnlyForDeploymentPostprocessing = 0;
		};
		5DC0C4AB2D8C1A4000E8987A /* Resources */ = {
			isa = PBXResourcesBuildPhase;
			buildActionMask = 2147483647;
			files = (
			);
			runOnlyForDeploymentPostprocessing = 0;
		};
/* End PBXResourcesBuildPhase section */

/* Begin PBXSourcesBuildPhase section */
		5DC0C48F2D8C1A3F00E8987A /* Sources */ = {
			isa = PBXSourcesBuildPhase;
			buildActionMask = 2147483647;
			files = (
			);
			runOnlyForDeploymentPostprocessing = 0;
		};
		5DC0C49F2D8C1A4000E8987A /* Sources */ = {
			isa = PBXSourcesBuildPhase;
			buildActionMask = 2147483647;
			files = (
			);
			runOnlyForDeploymentPostprocessing = 0;
		};
		5DC0C4A92D8C1A4000E8987A /* Sources */ = {
			isa = PBXSourcesBuildPhase;
			buildActionMask = 2147483647;
			files = (
			);
			runOnlyForDeploymentPostprocessing = 0;
		};
/* End PBXSourcesBuildPhase section */

/* Begin PBXTargetDependency section */
		5DC0C4A52D8C1A4000E8987A /* PBXTargetDependency */ = {
			isa = PBXTargetDependency;
			target = 5DC0C4922D8C1A3F00E8987A /* GOParkin9 */;
			targetProxy = 5DC0C4A42D8C1A4000E8987A /* PBXContainerItemProxy */;
		};
		5DC0C4AF2D8C1A4000E8987A /* PBXTargetDependency */ = {
			isa = PBXTargetDependency;
			target = 5DC0C4922D8C1A3F00E8987A /* GOParkin9 */;
			targetProxy = 5DC0C4AE2D8C1A4000E8987A /* PBXContainerItemProxy */;
		};
/* End PBXTargetDependency section */

/* Begin XCBuildConfiguration section */
		5DC0C4B52D8C1A4000E8987A /* Debug */ = {
			isa = XCBuildConfiguration;
			buildSettings = {
				ALWAYS_SEARCH_USER_PATHS = NO;
				ASSETCATALOG_COMPILER_GENERATE_SWIFT_ASSET_SYMBOL_EXTENSIONS = YES;
				CLANG_ANALYZER_NONNULL = YES;
				CLANG_ANALYZER_NUMBER_OBJECT_CONVERSION = YES_AGGRESSIVE;
				CLANG_CXX_LANGUAGE_STANDARD = "gnu++20";
				CLANG_ENABLE_MODULES = YES;
				CLANG_ENABLE_OBJC_ARC = YES;
				CLANG_ENABLE_OBJC_WEAK = YES;
				CLANG_WARN_BLOCK_CAPTURE_AUTORELEASING = YES;
				CLANG_WARN_BOOL_CONVERSION = YES;
				CLANG_WARN_COMMA = YES;
				CLANG_WARN_CONSTANT_CONVERSION = YES;
				CLANG_WARN_DEPRECATED_OBJC_IMPLEMENTATIONS = YES;
				CLANG_WARN_DIRECT_OBJC_ISA_USAGE = YES_ERROR;
				CLANG_WARN_DOCUMENTATION_COMMENTS = YES;
				CLANG_WARN_EMPTY_BODY = YES;
				CLANG_WARN_ENUM_CONVERSION = YES;
				CLANG_WARN_INFINITE_RECURSION = YES;
				CLANG_WARN_INT_CONVERSION = YES;
				CLANG_WARN_NON_LITERAL_NULL_CONVERSION = YES;
				CLANG_WARN_OBJC_IMPLICIT_RETAIN_SELF = YES;
				CLANG_WARN_OBJC_LITERAL_CONVERSION = YES;
				CLANG_WARN_OBJC_ROOT_CLASS = YES_ERROR;
				CLANG_WARN_QUOTED_INCLUDE_IN_FRAMEWORK_HEADER = YES;
				CLANG_WARN_RANGE_LOOP_ANALYSIS = YES;
				CLANG_WARN_STRICT_PROTOTYPES = YES;
				CLANG_WARN_SUSPICIOUS_MOVE = YES;
				CLANG_WARN_UNGUARDED_AVAILABILITY = YES_AGGRESSIVE;
				CLANG_WARN_UNREACHABLE_CODE = YES;
				CLANG_WARN__DUPLICATE_METHOD_MATCH = YES;
				COPY_PHASE_STRIP = NO;
				DEBUG_INFORMATION_FORMAT = dwarf;
				ENABLE_STRICT_OBJC_MSGSEND = YES;
				ENABLE_TESTABILITY = YES;
				ENABLE_USER_SCRIPT_SANDBOXING = YES;
				GCC_C_LANGUAGE_STANDARD = gnu17;
				GCC_DYNAMIC_NO_PIC = NO;
				GCC_NO_COMMON_BLOCKS = YES;
				GCC_OPTIMIZATION_LEVEL = 0;
				GCC_PREPROCESSOR_DEFINITIONS = (
					"DEBUG=1",
					"$(inherited)",
				);
				GCC_WARN_64_TO_32_BIT_CONVERSION = YES;
				GCC_WARN_ABOUT_RETURN_TYPE = YES_ERROR;
				GCC_WARN_UNDECLARED_SELECTOR = YES;
				GCC_WARN_UNINITIALIZED_AUTOS = YES_AGGRESSIVE;
				GCC_WARN_UNUSED_FUNCTION = YES;
				GCC_WARN_UNUSED_VARIABLE = YES;
				IPHONEOS_DEPLOYMENT_TARGET = 18.2;
				LOCALIZATION_PREFERS_STRING_CATALOGS = YES;
				MTL_ENABLE_DEBUG_INFO = INCLUDE_SOURCE;
				MTL_FAST_MATH = YES;
				ONLY_ACTIVE_ARCH = YES;
				SDKROOT = iphoneos;
				SWIFT_ACTIVE_COMPILATION_CONDITIONS = "DEBUG $(inherited)";
				SWIFT_OPTIMIZATION_LEVEL = "-Onone";
			};
			name = Debug;
		};
		5DC0C4B62D8C1A4000E8987A /* Release */ = {
			isa = XCBuildConfiguration;
			buildSettings = {
				ALWAYS_SEARCH_USER_PATHS = NO;
				ASSETCATALOG_COMPILER_GENERATE_SWIFT_ASSET_SYMBOL_EXTENSIONS = YES;
				CLANG_ANALYZER_NONNULL = YES;
				CLANG_ANALYZER_NUMBER_OBJECT_CONVERSION = YES_AGGRESSIVE;
				CLANG_CXX_LANGUAGE_STANDARD = "gnu++20";
				CLANG_ENABLE_MODULES = YES;
				CLANG_ENABLE_OBJC_ARC = YES;
				CLANG_ENABLE_OBJC_WEAK = YES;
				CLANG_WARN_BLOCK_CAPTURE_AUTORELEASING = YES;
				CLANG_WARN_BOOL_CONVERSION = YES;
				CLANG_WARN_COMMA = YES;
				CLANG_WARN_CONSTANT_CONVERSION = YES;
				CLANG_WARN_DEPRECATED_OBJC_IMPLEMENTATIONS = YES;
				CLANG_WARN_DIRECT_OBJC_ISA_USAGE = YES_ERROR;
				CLANG_WARN_DOCUMENTATION_COMMENTS = YES;
				CLANG_WARN_EMPTY_BODY = YES;
				CLANG_WARN_ENUM_CONVERSION = YES;
				CLANG_WARN_INFINITE_RECURSION = YES;
				CLANG_WARN_INT_CONVERSION = YES;
				CLANG_WARN_NON_LITERAL_NULL_CONVERSION = YES;
				CLANG_WARN_OBJC_IMPLICIT_RETAIN_SELF = YES;
				CLANG_WARN_OBJC_LITERAL_CONVERSION = YES;
				CLANG_WARN_OBJC_ROOT_CLASS = YES_ERROR;
				CLANG_WARN_QUOTED_INCLUDE_IN_FRAMEWORK_HEADER = YES;
				CLANG_WARN_RANGE_LOOP_ANALYSIS = YES;
				CLANG_WARN_STRICT_PROTOTYPES = YES;
				CLANG_WARN_SUSPICIOUS_MOVE = YES;
				CLANG_WARN_UNGUARDED_AVAILABILITY = YES_AGGRESSIVE;
				CLANG_WARN_UNREACHABLE_CODE = YES;
				CLANG_WARN__DUPLICATE_METHOD_MATCH = YES;
				COPY_PHASE_STRIP = NO;
				DEBUG_INFORMATION_FORMAT = "dwarf-with-dsym";
				ENABLE_NS_ASSERTIONS = NO;
				ENABLE_STRICT_OBJC_MSGSEND = YES;
				ENABLE_USER_SCRIPT_SANDBOXING = YES;
				GCC_C_LANGUAGE_STANDARD = gnu17;
				GCC_NO_COMMON_BLOCKS = YES;
				GCC_WARN_64_TO_32_BIT_CONVERSION = YES;
				GCC_WARN_ABOUT_RETURN_TYPE = YES_ERROR;
				GCC_WARN_UNDECLARED_SELECTOR = YES;
				GCC_WARN_UNINITIALIZED_AUTOS = YES_AGGRESSIVE;
				GCC_WARN_UNUSED_FUNCTION = YES;
				GCC_WARN_UNUSED_VARIABLE = YES;
				IPHONEOS_DEPLOYMENT_TARGET = 18.2;
				LOCALIZATION_PREFERS_STRING_CATALOGS = YES;
				MTL_ENABLE_DEBUG_INFO = NO;
				MTL_FAST_MATH = YES;
				SDKROOT = iphoneos;
				SWIFT_COMPILATION_MODE = wholemodule;
				VALIDATE_PRODUCT = YES;
			};
			name = Release;
		};
		5DC0C4B82D8C1A4000E8987A /* Debug */ = {
			isa = XCBuildConfiguration;
			buildSettings = {
				ASSETCATALOG_COMPILER_APPICON_NAME = AppIcon;
				ASSETCATALOG_COMPILER_GLOBAL_ACCENT_COLOR_NAME = AccentColor;
				CODE_SIGN_STYLE = Automatic;
				CURRENT_PROJECT_VERSION = 1;
				DEVELOPMENT_ASSET_PATHS = "\"GOParkin9/Preview Content\"";
				DEVELOPMENT_TEAM = 35PK524L6R;
				ENABLE_PREVIEWS = YES;
				GENERATE_INFOPLIST_FILE = YES;
				INFOPLIST_KEY_UIApplicationSceneManifest_Generation = YES;
				INFOPLIST_KEY_UIApplicationSupportsIndirectInputEvents = YES;
				INFOPLIST_KEY_UILaunchScreen_Generation = YES;
				INFOPLIST_KEY_UISupportedInterfaceOrientations_iPad = "UIInterfaceOrientationPortrait UIInterfaceOrientationPortraitUpsideDown UIInterfaceOrientationLandscapeLeft UIInterfaceOrientationLandscapeRight";
				INFOPLIST_KEY_UISupportedInterfaceOrientations_iPhone = "UIInterfaceOrientationPortrait UIInterfaceOrientationLandscapeLeft UIInterfaceOrientationLandscapeRight";
				LD_RUNPATH_SEARCH_PATHS = (
					"$(inherited)",
					"@executable_path/Frameworks",
				);
				MARKETING_VERSION = 1.0;
				PRODUCT_BUNDLE_IDENTIFIER = com.GOParkin9.GOParkin9;
				PRODUCT_NAME = "$(TARGET_NAME)";
				SWIFT_EMIT_LOC_STRINGS = YES;
				SWIFT_VERSION = 5.0;
				TARGETED_DEVICE_FAMILY = "1,2";
			};
			name = Debug;
		};
		5DC0C4B92D8C1A4000E8987A /* Release */ = {
			isa = XCBuildConfiguration;
			buildSettings = {
				ASSETCATALOG_COMPILER_APPICON_NAME = AppIcon;
				ASSETCATALOG_COMPILER_GLOBAL_ACCENT_COLOR_NAME = AccentColor;
				CODE_SIGN_STYLE = Automatic;
				CURRENT_PROJECT_VERSION = 1;
				DEVELOPMENT_ASSET_PATHS = "\"GOParkin9/Preview Content\"";
				DEVELOPMENT_TEAM = 35PK524L6R;
				ENABLE_PREVIEWS = YES;
				GENERATE_INFOPLIST_FILE = YES;
				INFOPLIST_KEY_UIApplicationSceneManifest_Generation = YES;
				INFOPLIST_KEY_UIApplicationSupportsIndirectInputEvents = YES;
				INFOPLIST_KEY_UILaunchScreen_Generation = YES;
				INFOPLIST_KEY_UISupportedInterfaceOrientations_iPad = "UIInterfaceOrientationPortrait UIInterfaceOrientationPortraitUpsideDown UIInterfaceOrientationLandscapeLeft UIInterfaceOrientationLandscapeRight";
				INFOPLIST_KEY_UISupportedInterfaceOrientations_iPhone = "UIInterfaceOrientationPortrait UIInterfaceOrientationLandscapeLeft UIInterfaceOrientationLandscapeRight";
				LD_RUNPATH_SEARCH_PATHS = (
					"$(inherited)",
					"@executable_path/Frameworks",
				);
				MARKETING_VERSION = 1.0;
				PRODUCT_BUNDLE_IDENTIFIER = com.GOParkin9.GOParkin9;
				PRODUCT_NAME = "$(TARGET_NAME)";
				SWIFT_EMIT_LOC_STRINGS = YES;
				SWIFT_VERSION = 5.0;
				TARGETED_DEVICE_FAMILY = "1,2";
			};
			name = Release;
		};
		5DC0C4BB2D8C1A4000E8987A /* Debug */ = {
			isa = XCBuildConfiguration;
			buildSettings = {
				BUNDLE_LOADER = "$(TEST_HOST)";
				CODE_SIGN_STYLE = Automatic;
				CURRENT_PROJECT_VERSION = 1;
				DEVELOPMENT_TEAM = 35PK524L6R;
				GENERATE_INFOPLIST_FILE = YES;
				IPHONEOS_DEPLOYMENT_TARGET = 18.2;
				MARKETING_VERSION = 1.0;
				PRODUCT_BUNDLE_IDENTIFIER = com.GOParkin9.GOParkin9Tests;
				PRODUCT_NAME = "$(TARGET_NAME)";
				SWIFT_EMIT_LOC_STRINGS = NO;
				SWIFT_VERSION = 5.0;
				TARGETED_DEVICE_FAMILY = "1,2";
				TEST_HOST = "$(BUILT_PRODUCTS_DIR)/GOParkin9.app/$(BUNDLE_EXECUTABLE_FOLDER_PATH)/GOParkin9";
			};
			name = Debug;
		};
		5DC0C4BC2D8C1A4000E8987A /* Release */ = {
			isa = XCBuildConfiguration;
			buildSettings = {
				BUNDLE_LOADER = "$(TEST_HOST)";
				CODE_SIGN_STYLE = Automatic;
				CURRENT_PROJECT_VERSION = 1;
				DEVELOPMENT_TEAM = 35PK524L6R;
				GENERATE_INFOPLIST_FILE = YES;
				IPHONEOS_DEPLOYMENT_TARGET = 18.2;
				MARKETING_VERSION = 1.0;
				PRODUCT_BUNDLE_IDENTIFIER = com.GOParkin9.GOParkin9Tests;
				PRODUCT_NAME = "$(TARGET_NAME)";
				SWIFT_EMIT_LOC_STRINGS = NO;
				SWIFT_VERSION = 5.0;
				TARGETED_DEVICE_FAMILY = "1,2";
				TEST_HOST = "$(BUILT_PRODUCTS_DIR)/GOParkin9.app/$(BUNDLE_EXECUTABLE_FOLDER_PATH)/GOParkin9";
			};
			name = Release;
		};
		5DC0C4BE2D8C1A4000E8987A /* Debug */ = {
			isa = XCBuildConfiguration;
			buildSettings = {
				CODE_SIGN_STYLE = Automatic;
				CURRENT_PROJECT_VERSION = 1;
				DEVELOPMENT_TEAM = 35PK524L6R;
				GENERATE_INFOPLIST_FILE = YES;
				MARKETING_VERSION = 1.0;
				PRODUCT_BUNDLE_IDENTIFIER = com.GOParkin9.GOParkin9UITests;
				PRODUCT_NAME = "$(TARGET_NAME)";
				SWIFT_EMIT_LOC_STRINGS = NO;
				SWIFT_VERSION = 5.0;
				TARGETED_DEVICE_FAMILY = "1,2";
				TEST_TARGET_NAME = GOParkin9;
			};
			name = Debug;
		};
		5DC0C4BF2D8C1A4000E8987A /* Release */ = {
			isa = XCBuildConfiguration;
			buildSettings = {
				CODE_SIGN_STYLE = Automatic;
				CURRENT_PROJECT_VERSION = 1;
				DEVELOPMENT_TEAM = 35PK524L6R;
				GENERATE_INFOPLIST_FILE = YES;
				MARKETING_VERSION = 1.0;
				PRODUCT_BUNDLE_IDENTIFIER = com.GOParkin9.GOParkin9UITests;
				PRODUCT_NAME = "$(TARGET_NAME)";
				SWIFT_EMIT_LOC_STRINGS = NO;
				SWIFT_VERSION = 5.0;
				TARGETED_DEVICE_FAMILY = "1,2";
				TEST_TARGET_NAME = GOParkin9;
			};
			name = Release;
		};
/* End XCBuildConfiguration section */

/* Begin XCConfigurationList section */
		5DC0C48E2D8C1A3F00E8987A /* Build configuration list for PBXProject "GOParkin9" */ = {
			isa = XCConfigurationList;
			buildConfigurations = (
				5DC0C4B52D8C1A4000E8987A /* Debug */,
				5DC0C4B62D8C1A4000E8987A /* Release */,
			);
			defaultConfigurationIsVisible = 0;
			defaultConfigurationName = Release;
		};
		5DC0C4B72D8C1A4000E8987A /* Build configuration list for PBXNativeTarget "GOParkin9" */ = {
			isa = XCConfigurationList;
			buildConfigurations = (
				5DC0C4B82D8C1A4000E8987A /* Debug */,
				5DC0C4B92D8C1A4000E8987A /* Release */,
			);
			defaultConfigurationIsVisible = 0;
			defaultConfigurationName = Release;
		};
		5DC0C4BA2D8C1A4000E8987A /* Build configuration list for PBXNativeTarget "GOParkin9Tests" */ = {
			isa = XCConfigurationList;
			buildConfigurations = (
				5DC0C4BB2D8C1A4000E8987A /* Debug */,
				5DC0C4BC2D8C1A4000E8987A /* Release */,
			);
			defaultConfigurationIsVisible = 0;
			defaultConfigurationName = Release;
		};
		5DC0C4BD2D8C1A4000E8987A /* Build configuration list for PBXNativeTarget "GOParkin9UITests" */ = {
			isa = XCConfigurationList;
			buildConfigurations = (
				5DC0C4BE2D8C1A4000E8987A /* Debug */,
				5DC0C4BF2D8C1A4000E8987A /* Release */,
			);
			defaultConfigurationIsVisible = 0;
			defaultConfigurationName = Release;
		};
/* End XCConfigurationList section */
	};
	rootObject = 5DC0C48B2D8C1A3F00E8987A /* Project object */;
}
